
Microsoft Visual Studio Solution File, Format Version 12.00
# Visual Studio Version 17
VisualStudioVersion = 17.6.33815.320
MinimumVisualStudioVersion = 10.0.40219.1
Project("{8BC9CEB8-8B4A-11D0-8D11-00A0C91BC942}") = "VisionCV", "VisionCV.vcxproj", "{F3BD72F6-0FAE-4C77-9DC0-1AE14226590E}"
EndProject
Global
	GlobalSection(SolutionConfigurationPlatforms) = preSolution
		Debug|x64 = Debug|x64
		Debug|x86 = Debug|x86
		Release|x64 = Release|x64
		Release|x86 = Release|x86
	EndGlobalSection
	GlobalSection(ProjectConfigurationPlatforms) = postSolution
		{F3BD72F6-0FAE-4C77-9DC0-1AE14226590E}.Debug|x64.ActiveCfg = Debug|x64
		{F3BD72F6-0FAE-4C77-9DC0-1AE14226590E}.Debug|x64.Build.0 = Debug|x64
		{F3BD72F6-0FAE-4C77-9DC0-1AE14226590E}.Debug|x86.ActiveCfg = Debug|Win32
		{F3BD72F6-0FAE-4C77-9DC0-1AE14226590E}.Debug|x86.Build.0 = Debug|Win32
		{F3BD72F6-0FAE-4C77-9DC0-1AE14226590E}.Release|x64.ActiveCfg = Release|x64
		{F3BD72F6-0FAE-4C77-9DC0-1AE14226590E}.Release|x64.Build.0 = Release|x64
		{F3BD72F6-0FAE-4C77-9DC0-1AE14226590E}.Release|x86.ActiveCfg = Release|Win32
		{F3BD72F6-0FAE-4C77-9DC0-1AE14226590E}.Release|x86.Build.0 = Release|Win32
	EndGlobalSection
	GlobalSection(SolutionProperties) = preSolution
		HideSolutionNode = FALSE
	EndGlobalSection
	GlobalSection(ExtensibilityGlobals) = postSolution
		SolutionGuid = {204460E7-7A3D-4F0E-9ECA-1A646D9EAD06}
	EndGlobalSection
EndGlobal
